{
  "version": 4,
  "terraform_version": "1.3.9",
  "serial": 10,
  "lineage": "505631ca-a7f2-d203-34d4-370a4c6ca8d2",
  "outputs": {},
  "resources": [
    {
      "mode": "managed",
      "type": "aws_db_subnet_group",
      "name": "mydb_subnet_groups",
      "provider": "provider[\"registry.terraform.io/hashicorp/aws\"]",
      "instances": [
        {
          "schema_version": 0,
          "attributes": {
            "arn": "arn:aws:rds:us-east-1:918677086739:subgrp:mydb-subnet-groups",
            "description": "Managed by Terraform",
            "id": "mydb-subnet-groups",
            "name": "mydb-subnet-groups",
            "name_prefix": "",
            "subnet_ids": [
              "subnet-032fb21e1ee472561",
              "subnet-061c5aa91120d6221"
            ],
            "supported_network_types": [
              "IPV4"
            ],
            "tags": {},
            "tags_all": {}
          },
          "sensitive_attributes": [],
          "private": "bnVsbA=="
        }
      ]
    }
  ],
  "check_results": null
}
